
Microsoft Visual Studio Solution File, Format Version 12.00
# Visual Studio 2013
VisualStudioVersion = 12.0.31101.0
MinimumVisualStudioVersion = 10.0.40219.1
Project("{FAE04EC0-301F-11D3-BF4B-00C04F79EFBC}") = "Yu.DataStructure.Generic", "YuGeneric\Yu.DataStructure.Generic.csproj", "{1A09F2E3-F75D-4A39-82D4-CE5897B3DB5C}"
EndProject
Project("{FAE04EC0-301F-11D3-BF4B-00C04F79EFBC}") = "Yu.DataStructure.GenericTest", "UnitTestLList\Yu.DataStructure.GenericTest.csproj", "{D50024B3-6271-4430-8151-720B218AC2A2}"
EndProject
Global
	GlobalSection(SolutionConfigurationPlatforms) = preSolution
		Debug|Any CPU = Debug|Any CPU
		Release|Any CPU = Release|Any CPU
	EndGlobalSection
	GlobalSection(ProjectConfigurationPlatforms) = postSolution
		{1A09F2E3-F75D-4A39-82D4-CE5897B3DB5C}.Debug|Any CPU.ActiveCfg = Debug|Any CPU
		{1A09F2E3-F75D-4A39-82D4-CE5897B3DB5C}.Debug|Any CPU.Build.0 = Debug|Any CPU
		{1A09F2E3-F75D-4A39-82D4-CE5897B3DB5C}.Release|Any CPU.ActiveCfg = Release|Any CPU
		{1A09F2E3-F75D-4A39-82D4-CE5897B3DB5C}.Release|Any CPU.Build.0 = Release|Any CPU
		{D50024B3-6271-4430-8151-720B218AC2A2}.Debug|Any CPU.ActiveCfg = Debug|Any CPU
		{D50024B3-6271-4430-8151-720B218AC2A2}.Debug|Any CPU.Build.0 = Debug|Any CPU
		{D50024B3-6271-4430-8151-720B218AC2A2}.Release|Any CPU.ActiveCfg = Release|Any CPU
		{D50024B3-6271-4430-8151-720B218AC2A2}.Release|Any CPU.Build.0 = Release|Any CPU
	EndGlobalSection
	GlobalSection(SolutionProperties) = preSolution
		HideSolutionNode = FALSE
	EndGlobalSection
EndGlobal
