
Microsoft Visual Studio Solution File, Format Version 12.00
# Visual Studio 2013
VisualStudioVersion = 12.0.31101.0
MinimumVisualStudioVersion = 10.0.40219.1
Project("{FAE04EC0-301F-11D3-BF4B-00C04F79EFBC}") = "Yu.DataStructure.NonGeneric", "Yu.DataStructure.NonGeneric\Yu.DataStructure.NonGeneric.csproj", "{65BA0CD9-44B9-4DD6-A252-EC0704EF0B0C}"
EndProject
Project("{FAE04EC0-301F-11D3-BF4B-00C04F79EFBC}") = "Yu.DataStructure.NonGenericTest", "Yu.DataStructure.NonGenericTest\Yu.DataStructure.NonGenericTest.csproj", "{8682B6FF-156A-4C49-B0E8-47480EA68097}"
EndProject
Global
	GlobalSection(SolutionConfigurationPlatforms) = preSolution
		Debug|Any CPU = Debug|Any CPU
		Release|Any CPU = Release|Any CPU
	EndGlobalSection
	GlobalSection(ProjectConfigurationPlatforms) = postSolution
		{65BA0CD9-44B9-4DD6-A252-EC0704EF0B0C}.Debug|Any CPU.ActiveCfg = Debug|Any CPU
		{65BA0CD9-44B9-4DD6-A252-EC0704EF0B0C}.Debug|Any CPU.Build.0 = Debug|Any CPU
		{65BA0CD9-44B9-4DD6-A252-EC0704EF0B0C}.Release|Any CPU.ActiveCfg = Release|Any CPU
		{65BA0CD9-44B9-4DD6-A252-EC0704EF0B0C}.Release|Any CPU.Build.0 = Release|Any CPU
		{8682B6FF-156A-4C49-B0E8-47480EA68097}.Debug|Any CPU.ActiveCfg = Debug|Any CPU
		{8682B6FF-156A-4C49-B0E8-47480EA68097}.Debug|Any CPU.Build.0 = Debug|Any CPU
		{8682B6FF-156A-4C49-B0E8-47480EA68097}.Release|Any CPU.ActiveCfg = Release|Any CPU
		{8682B6FF-156A-4C49-B0E8-47480EA68097}.Release|Any CPU.Build.0 = Release|Any CPU
	EndGlobalSection
	GlobalSection(SolutionProperties) = preSolution
		HideSolutionNode = FALSE
	EndGlobalSection
EndGlobal
